
Microsoft Visual Studio Solution File, Format Version 12.00
# Visual Studio 2013
VisualStudioVersion = 12.0.20827.3
MinimumVisualStudioVersion = 10.0.40219.1
Project("{E24C65DC-7377-472B-9ABA-BC803B73C61A}") = "ronanevercam", "http://localhost:31692", "{3B13A03B-03AD-4563-9578-203A9EC2DC6E}"
	ProjectSection(WebsiteProperties) = preProject
		UseIISExpress = "true"
		TargetFrameworkMoniker = ".NETFramework,Version%3Dv4.5"
		Debug.AspNetCompiler.VirtualPath = "/localhost_31692"
		Debug.AspNetCompiler.PhysicalPath = "..\..\..\..\ronanevercam\"
		Debug.AspNetCompiler.TargetPath = "PrecompiledWeb\localhost_31692\"
		Debug.AspNetCompiler.Updateable = "true"
		Debug.AspNetCompiler.ForceOverwrite = "true"
		Debug.AspNetCompiler.FixedNames = "false"
		Debug.AspNetCompiler.Debug = "True"
		Release.AspNetCompiler.VirtualPath = "/localhost_31692"
		Release.AspNetCompiler.PhysicalPath = "..\..\..\..\ronanevercam\"
		Release.AspNetCompiler.TargetPath = "PrecompiledWeb\localhost_31692\"
		Release.AspNetCompiler.Updateable = "true"
		Release.AspNetCompiler.ForceOverwrite = "true"
		Release.AspNetCompiler.FixedNames = "false"
		Release.AspNetCompiler.Debug = "False"
		SlnRelativePath = "..\..\..\..\ronanevercam\"
	EndProjectSection
EndProject
Global
	GlobalSection(SolutionConfigurationPlatforms) = preSolution
		Debug|Any CPU = Debug|Any CPU
	EndGlobalSection
	GlobalSection(ProjectConfigurationPlatforms) = postSolution
		{3B13A03B-03AD-4563-9578-203A9EC2DC6E}.Debug|Any CPU.ActiveCfg = Debug|Any CPU
		{3B13A03B-03AD-4563-9578-203A9EC2DC6E}.Debug|Any CPU.Build.0 = Debug|Any CPU
	EndGlobalSection
	GlobalSection(SolutionProperties) = preSolution
		HideSolutionNode = FALSE
	EndGlobalSection
EndGlobal
